
Microsoft Visual Studio Solution File, Format Version 12.00
# Visual Studio Version 16
VisualStudioVersion = 16.0.30002.166
MinimumVisualStudioVersion = 10.0.40219.1
Project("{9A19103F-16F7-4668-BE54-9A1E7A4F7556}") = "Soulgram.Api", "src\Soulgram.Api\Soulgram.Api.csproj", "{4245DEF3-70F5-46B6-8AAD-B4B00504F2F6}"
EndProject
Project("{2150E333-8FDC-42A3-9474-1A3956D46DE8}") = "Debug", "Debug", "{36B5913D-4503-4565-BB7B-13850BDE4404}"
EndProject
Project("{2150E333-8FDC-42A3-9474-1A3956D46DE8}") = "Domain", "Domain", "{90E195B5-2C3E-43B5-B472-EC7DDBF35D31}"
EndProject
Project("{2150E333-8FDC-42A3-9474-1A3956D46DE8}") = "Presentation", "Presentation", "{6D5A4C17-21B1-4D55-ABF3-74BF5D3C468F}"
EndProject
Project("{2150E333-8FDC-42A3-9474-1A3956D46DE8}") = "Services", "Services", "{024D1CC8-2803-4B4F-9486-DFBC8E64A3F5}"
EndProject
Project("{2150E333-8FDC-42A3-9474-1A3956D46DE8}") = "Tests", "Tests", "{7F0E6C4A-2668-4464-8A07-5A6613F3463C}"
EndProject
Project("{9A19103F-16F7-4668-BE54-9A1E7A4F7556}") = "Soulgram.Common", "src\Soulgram.Common\Soulgram.Common.csproj", "{DB4D8E7B-A7EB-488D-8FA2-64A15854118F}"
EndProject
Project("{9A19103F-16F7-4668-BE54-9A1E7A4F7556}") = "Soulgram.Swagger", "src\Soulgram.Swagger\Soulgram.Swagger.csproj", "{F3F4B729-C655-4806-9FD0-FF6484329EEC}"
EndProject
Project("{2150E333-8FDC-42A3-9474-1A3956D46DE8}") = "Solution Items", "Solution Items", "{1630E7D9-437C-4736-84C4-8023AB5A699A}"
	ProjectSection(SolutionItems) = preProject
		.editorconfig = .editorconfig
	EndProjectSection
EndProject
Project("{9A19103F-16F7-4668-BE54-9A1E7A4F7556}") = "Soulgram.UserInfo", "src\Soulgram.UserInfo\Soulgram.UserInfo.csproj", "{6A160FFB-EB90-4725-93D1-2351363547C0}"
EndProject
Project("{9A19103F-16F7-4668-BE54-9A1E7A4F7556}") = "Soulgram.Model", "src\Soulgram.Model\Soulgram.Model.csproj", "{5AE3C687-804E-4567-A3D9-8502C56A5773}"
EndProject
Project("{9A19103F-16F7-4668-BE54-9A1E7A4F7556}") = "Soulgram.Validation", "src\Soulgram.Validation\Soulgram.Validation.csproj", "{89823D8B-86EC-48A9-9E16-110EAFF7000A}"
EndProject
Project("{9A19103F-16F7-4668-BE54-9A1E7A4F7556}") = "Soulgram.Exceptions", "src\Soulgram.Exceptions\Soulgram.Exceptions.csproj", "{F8CE055B-61B7-42A8-A034-6CF6A0713CF4}"
EndProject
Project("{9A19103F-16F7-4668-BE54-9A1E7A4F7556}") = "Soulgram.GraphScripts", "src\Soulgram.GraphScripts\Soulgram.GraphScripts.csproj", "{BCFA262A-461B-418F-BAFB-09F11D586339}"
EndProject
Project("{FAE04EC0-301F-11D3-BF4B-00C04F79EFBC}") = "Soulgram.DB", "src\Soulgram.DB\Soulgram.DB.csproj", "{67245316-4CA4-4D28-BAF9-E8431E5E00FC}"
EndProject
Global
	GlobalSection(SolutionConfigurationPlatforms) = preSolution
		Debug|Any CPU = Debug|Any CPU
		Release|Any CPU = Release|Any CPU
	EndGlobalSection
	GlobalSection(ProjectConfigurationPlatforms) = postSolution
		{4245DEF3-70F5-46B6-8AAD-B4B00504F2F6}.Debug|Any CPU.ActiveCfg = Debug|Any CPU
		{4245DEF3-70F5-46B6-8AAD-B4B00504F2F6}.Debug|Any CPU.Build.0 = Debug|Any CPU
		{4245DEF3-70F5-46B6-8AAD-B4B00504F2F6}.Release|Any CPU.ActiveCfg = Release|Any CPU
		{4245DEF3-70F5-46B6-8AAD-B4B00504F2F6}.Release|Any CPU.Build.0 = Release|Any CPU
		{DB4D8E7B-A7EB-488D-8FA2-64A15854118F}.Debug|Any CPU.ActiveCfg = Debug|Any CPU
		{DB4D8E7B-A7EB-488D-8FA2-64A15854118F}.Debug|Any CPU.Build.0 = Debug|Any CPU
		{DB4D8E7B-A7EB-488D-8FA2-64A15854118F}.Release|Any CPU.ActiveCfg = Release|Any CPU
		{DB4D8E7B-A7EB-488D-8FA2-64A15854118F}.Release|Any CPU.Build.0 = Release|Any CPU
		{F3F4B729-C655-4806-9FD0-FF6484329EEC}.Debug|Any CPU.ActiveCfg = Debug|Any CPU
		{F3F4B729-C655-4806-9FD0-FF6484329EEC}.Debug|Any CPU.Build.0 = Debug|Any CPU
		{F3F4B729-C655-4806-9FD0-FF6484329EEC}.Release|Any CPU.ActiveCfg = Release|Any CPU
		{F3F4B729-C655-4806-9FD0-FF6484329EEC}.Release|Any CPU.Build.0 = Release|Any CPU
		{6A160FFB-EB90-4725-93D1-2351363547C0}.Debug|Any CPU.ActiveCfg = Debug|Any CPU
		{6A160FFB-EB90-4725-93D1-2351363547C0}.Debug|Any CPU.Build.0 = Debug|Any CPU
		{6A160FFB-EB90-4725-93D1-2351363547C0}.Release|Any CPU.ActiveCfg = Release|Any CPU
		{6A160FFB-EB90-4725-93D1-2351363547C0}.Release|Any CPU.Build.0 = Release|Any CPU
		{5AE3C687-804E-4567-A3D9-8502C56A5773}.Debug|Any CPU.ActiveCfg = Debug|Any CPU
		{5AE3C687-804E-4567-A3D9-8502C56A5773}.Debug|Any CPU.Build.0 = Debug|Any CPU
		{5AE3C687-804E-4567-A3D9-8502C56A5773}.Release|Any CPU.ActiveCfg = Release|Any CPU
		{5AE3C687-804E-4567-A3D9-8502C56A5773}.Release|Any CPU.Build.0 = Release|Any CPU
		{89823D8B-86EC-48A9-9E16-110EAFF7000A}.Debug|Any CPU.ActiveCfg = Debug|Any CPU
		{89823D8B-86EC-48A9-9E16-110EAFF7000A}.Debug|Any CPU.Build.0 = Debug|Any CPU
		{89823D8B-86EC-48A9-9E16-110EAFF7000A}.Release|Any CPU.ActiveCfg = Release|Any CPU
		{89823D8B-86EC-48A9-9E16-110EAFF7000A}.Release|Any CPU.Build.0 = Release|Any CPU
		{F8CE055B-61B7-42A8-A034-6CF6A0713CF4}.Debug|Any CPU.ActiveCfg = Debug|Any CPU
		{F8CE055B-61B7-42A8-A034-6CF6A0713CF4}.Debug|Any CPU.Build.0 = Debug|Any CPU
		{F8CE055B-61B7-42A8-A034-6CF6A0713CF4}.Release|Any CPU.ActiveCfg = Release|Any CPU
		{F8CE055B-61B7-42A8-A034-6CF6A0713CF4}.Release|Any CPU.Build.0 = Release|Any CPU
		{BCFA262A-461B-418F-BAFB-09F11D586339}.Debug|Any CPU.ActiveCfg = Debug|Any CPU
		{BCFA262A-461B-418F-BAFB-09F11D586339}.Debug|Any CPU.Build.0 = Debug|Any CPU
		{BCFA262A-461B-418F-BAFB-09F11D586339}.Release|Any CPU.ActiveCfg = Release|Any CPU
		{BCFA262A-461B-418F-BAFB-09F11D586339}.Release|Any CPU.Build.0 = Release|Any CPU
		{67245316-4CA4-4D28-BAF9-E8431E5E00FC}.Debug|Any CPU.ActiveCfg = Debug|Any CPU
		{67245316-4CA4-4D28-BAF9-E8431E5E00FC}.Debug|Any CPU.Build.0 = Debug|Any CPU
		{67245316-4CA4-4D28-BAF9-E8431E5E00FC}.Release|Any CPU.ActiveCfg = Release|Any CPU
		{67245316-4CA4-4D28-BAF9-E8431E5E00FC}.Release|Any CPU.Build.0 = Release|Any CPU
	EndGlobalSection
	GlobalSection(SolutionProperties) = preSolution
		HideSolutionNode = FALSE
	EndGlobalSection
	GlobalSection(NestedProjects) = preSolution
		{4245DEF3-70F5-46B6-8AAD-B4B00504F2F6} = {6D5A4C17-21B1-4D55-ABF3-74BF5D3C468F}
		{DB4D8E7B-A7EB-488D-8FA2-64A15854118F} = {90E195B5-2C3E-43B5-B472-EC7DDBF35D31}
		{F3F4B729-C655-4806-9FD0-FF6484329EEC} = {024D1CC8-2803-4B4F-9486-DFBC8E64A3F5}
		{6A160FFB-EB90-4725-93D1-2351363547C0} = {024D1CC8-2803-4B4F-9486-DFBC8E64A3F5}
		{5AE3C687-804E-4567-A3D9-8502C56A5773} = {90E195B5-2C3E-43B5-B472-EC7DDBF35D31}
		{89823D8B-86EC-48A9-9E16-110EAFF7000A} = {024D1CC8-2803-4B4F-9486-DFBC8E64A3F5}
		{F8CE055B-61B7-42A8-A034-6CF6A0713CF4} = {90E195B5-2C3E-43B5-B472-EC7DDBF35D31}
		{BCFA262A-461B-418F-BAFB-09F11D586339} = {36B5913D-4503-4565-BB7B-13850BDE4404}
		{67245316-4CA4-4D28-BAF9-E8431E5E00FC} = {90E195B5-2C3E-43B5-B472-EC7DDBF35D31}
	EndGlobalSection
	GlobalSection(ExtensibilityGlobals) = postSolution
		SolutionGuid = {5895179C-BE08-4AA2-9BA0-98C93975A973}
	EndGlobalSection
EndGlobal
